
Microsoft Visual Studio Solution File, Format Version 12.00
# Visual Studio Version 16
VisualStudioVersion = 16.0.28729.10
MinimumVisualStudioVersion = 10.0.40219.1
Project("{2150E333-8FDC-42A3-9474-1A3956D46DE8}") = "Core", "Core", "{A92930FC-D735-463B-ADE5-0A891009CE8C}"
EndProject
Project("{2150E333-8FDC-42A3-9474-1A3956D46DE8}") = "Infrastructure", "Infrastructure", "{58402D2F-B2D3-4B7F-B525-1A8104168F66}"
EndProject
Project("{2150E333-8FDC-42A3-9474-1A3956D46DE8}") = "Presentation", "Presentation", "{C86B7121-7339-4A0D-87AF-6B12C636361D}"
EndProject
Project("{9A19103F-16F7-4668-BE54-9A1E7A4F7556}") = "Studio.User.WebApp", "Presentation\Studio.User.WebApp\Studio.User.WebApp.csproj", "{6D4FC386-0C66-4463-B7C4-AEC810805E44}"
EndProject
Project("{9A19103F-16F7-4668-BE54-9A1E7A4F7556}") = "Studio.Persistence", "Infrastructure\Studio.Persistence\Studio.Persistence.csproj", "{93CA5D4C-4801-4820-85D2-4B34D1403BD8}"
EndProject
Project("{9A19103F-16F7-4668-BE54-9A1E7A4F7556}") = "Studio.Application", "Core\Studio.Application\Studio.Application.csproj", "{CDC3D101-0688-44AF-A56A-D9BE143C446C}"
EndProject
Project("{9A19103F-16F7-4668-BE54-9A1E7A4F7556}") = "Studio.Domain", "Core\Studio.Domain\Studio.Domain.csproj", "{D8D9A518-07D3-4220-812C-89530193751A}"
EndProject
Project("{9A19103F-16F7-4668-BE54-9A1E7A4F7556}") = "Studio.Common", "Common\Studio.Common\Studio.Common.csproj", "{34C5B2C3-29C9-48C8-AC1C-4375B59A4D3F}"
EndProject
Project("{2150E333-8FDC-42A3-9474-1A3956D46DE8}") = "Common", "Common", "{03414657-E04B-4810-84B4-B5CF0C1A0913}"
EndProject
Project("{2150E333-8FDC-42A3-9474-1A3956D46DE8}") = "Src", "Src", "{130EA57E-84FD-4287-AE3B-5F216F2D5AF1}"
	ProjectSection(SolutionItems) = preProject
		Rules.ruleset = Rules.ruleset
		Settings.StyleCop = Settings.StyleCop
		stylecop.json = stylecop.json
	EndProjectSection
EndProject
Project("{2150E333-8FDC-42A3-9474-1A3956D46DE8}") = "Tests", "Tests", "{48A11A73-0575-4C7C-A0A8-3D76B09C70F3}"
EndProject
Project("{9A19103F-16F7-4668-BE54-9A1E7A4F7556}") = "Studio.Domain.Tests", "..\Tests\Studio.Domain.Tests\Studio.Domain.Tests.csproj", "{6FE649A4-B059-47E0-BF3E-FE6A01F30EC3}"
EndProject
Project("{9A19103F-16F7-4668-BE54-9A1E7A4F7556}") = "Studio.Application.Tests", "..\Tests\Studio.Application.Tests\Studio.Application.Tests.csproj", "{799AB9F5-3467-42EE-93FB-DA5A445DAF59}"
EndProject
Project("{9A19103F-16F7-4668-BE54-9A1E7A4F7556}") = "Studio.Presentation.Tests", "..\Tests\Studio.Presentation.Tests\Studio.Presentation.Tests.csproj", "{840480C3-7971-43F4-90A2-7C7E9D059781}"
EndProject
Global
	GlobalSection(SolutionConfigurationPlatforms) = preSolution
		Debug|Any CPU = Debug|Any CPU
		Release|Any CPU = Release|Any CPU
	EndGlobalSection
	GlobalSection(ProjectConfigurationPlatforms) = postSolution
		{6D4FC386-0C66-4463-B7C4-AEC810805E44}.Debug|Any CPU.ActiveCfg = Debug|Any CPU
		{6D4FC386-0C66-4463-B7C4-AEC810805E44}.Debug|Any CPU.Build.0 = Debug|Any CPU
		{6D4FC386-0C66-4463-B7C4-AEC810805E44}.Release|Any CPU.ActiveCfg = Release|Any CPU
		{6D4FC386-0C66-4463-B7C4-AEC810805E44}.Release|Any CPU.Build.0 = Release|Any CPU
		{93CA5D4C-4801-4820-85D2-4B34D1403BD8}.Debug|Any CPU.ActiveCfg = Debug|Any CPU
		{93CA5D4C-4801-4820-85D2-4B34D1403BD8}.Debug|Any CPU.Build.0 = Debug|Any CPU
		{93CA5D4C-4801-4820-85D2-4B34D1403BD8}.Release|Any CPU.ActiveCfg = Release|Any CPU
		{93CA5D4C-4801-4820-85D2-4B34D1403BD8}.Release|Any CPU.Build.0 = Release|Any CPU
		{CDC3D101-0688-44AF-A56A-D9BE143C446C}.Debug|Any CPU.ActiveCfg = Debug|Any CPU
		{CDC3D101-0688-44AF-A56A-D9BE143C446C}.Debug|Any CPU.Build.0 = Debug|Any CPU
		{CDC3D101-0688-44AF-A56A-D9BE143C446C}.Release|Any CPU.ActiveCfg = Release|Any CPU
		{CDC3D101-0688-44AF-A56A-D9BE143C446C}.Release|Any CPU.Build.0 = Release|Any CPU
		{D8D9A518-07D3-4220-812C-89530193751A}.Debug|Any CPU.ActiveCfg = Debug|Any CPU
		{D8D9A518-07D3-4220-812C-89530193751A}.Debug|Any CPU.Build.0 = Debug|Any CPU
		{D8D9A518-07D3-4220-812C-89530193751A}.Release|Any CPU.ActiveCfg = Release|Any CPU
		{D8D9A518-07D3-4220-812C-89530193751A}.Release|Any CPU.Build.0 = Release|Any CPU
		{34C5B2C3-29C9-48C8-AC1C-4375B59A4D3F}.Debug|Any CPU.ActiveCfg = Debug|Any CPU
		{34C5B2C3-29C9-48C8-AC1C-4375B59A4D3F}.Debug|Any CPU.Build.0 = Debug|Any CPU
		{34C5B2C3-29C9-48C8-AC1C-4375B59A4D3F}.Release|Any CPU.ActiveCfg = Release|Any CPU
		{34C5B2C3-29C9-48C8-AC1C-4375B59A4D3F}.Release|Any CPU.Build.0 = Release|Any CPU
		{6FE649A4-B059-47E0-BF3E-FE6A01F30EC3}.Debug|Any CPU.ActiveCfg = Debug|Any CPU
		{6FE649A4-B059-47E0-BF3E-FE6A01F30EC3}.Debug|Any CPU.Build.0 = Debug|Any CPU
		{6FE649A4-B059-47E0-BF3E-FE6A01F30EC3}.Release|Any CPU.ActiveCfg = Release|Any CPU
		{6FE649A4-B059-47E0-BF3E-FE6A01F30EC3}.Release|Any CPU.Build.0 = Release|Any CPU
		{799AB9F5-3467-42EE-93FB-DA5A445DAF59}.Debug|Any CPU.ActiveCfg = Debug|Any CPU
		{799AB9F5-3467-42EE-93FB-DA5A445DAF59}.Debug|Any CPU.Build.0 = Debug|Any CPU
		{799AB9F5-3467-42EE-93FB-DA5A445DAF59}.Release|Any CPU.ActiveCfg = Release|Any CPU
		{799AB9F5-3467-42EE-93FB-DA5A445DAF59}.Release|Any CPU.Build.0 = Release|Any CPU
		{840480C3-7971-43F4-90A2-7C7E9D059781}.Debug|Any CPU.ActiveCfg = Debug|Any CPU
		{840480C3-7971-43F4-90A2-7C7E9D059781}.Debug|Any CPU.Build.0 = Debug|Any CPU
		{840480C3-7971-43F4-90A2-7C7E9D059781}.Release|Any CPU.ActiveCfg = Release|Any CPU
		{840480C3-7971-43F4-90A2-7C7E9D059781}.Release|Any CPU.Build.0 = Release|Any CPU
	EndGlobalSection
	GlobalSection(SolutionProperties) = preSolution
		HideSolutionNode = FALSE
	EndGlobalSection
	GlobalSection(NestedProjects) = preSolution
		{A92930FC-D735-463B-ADE5-0A891009CE8C} = {130EA57E-84FD-4287-AE3B-5F216F2D5AF1}
		{58402D2F-B2D3-4B7F-B525-1A8104168F66} = {130EA57E-84FD-4287-AE3B-5F216F2D5AF1}
		{C86B7121-7339-4A0D-87AF-6B12C636361D} = {130EA57E-84FD-4287-AE3B-5F216F2D5AF1}
		{6D4FC386-0C66-4463-B7C4-AEC810805E44} = {C86B7121-7339-4A0D-87AF-6B12C636361D}
		{93CA5D4C-4801-4820-85D2-4B34D1403BD8} = {58402D2F-B2D3-4B7F-B525-1A8104168F66}
		{CDC3D101-0688-44AF-A56A-D9BE143C446C} = {A92930FC-D735-463B-ADE5-0A891009CE8C}
		{D8D9A518-07D3-4220-812C-89530193751A} = {A92930FC-D735-463B-ADE5-0A891009CE8C}
		{34C5B2C3-29C9-48C8-AC1C-4375B59A4D3F} = {03414657-E04B-4810-84B4-B5CF0C1A0913}
		{03414657-E04B-4810-84B4-B5CF0C1A0913} = {130EA57E-84FD-4287-AE3B-5F216F2D5AF1}
		{6FE649A4-B059-47E0-BF3E-FE6A01F30EC3} = {48A11A73-0575-4C7C-A0A8-3D76B09C70F3}
		{799AB9F5-3467-42EE-93FB-DA5A445DAF59} = {48A11A73-0575-4C7C-A0A8-3D76B09C70F3}
		{840480C3-7971-43F4-90A2-7C7E9D059781} = {48A11A73-0575-4C7C-A0A8-3D76B09C70F3}
	EndGlobalSection
	GlobalSection(ExtensibilityGlobals) = postSolution
		SolutionGuid = {9B4FB8C4-8EBD-456F-B28F-1452E68B8012}
	EndGlobalSection
EndGlobal
